
Microsoft Visual Studio Solution File, Format Version 12.00
# Visual Studio 15
VisualStudioVersion = 15.0.28010.2019
MinimumVisualStudioVersion = 10.0.40219.1
Project("{FAE04EC0-301F-11D3-BF4B-00C04F79EFBC}") = "Electronic Seal", "Electronic Seal\Electronic Seal.csproj", "{F480EEA2-9782-412B-BA26-A63765ED564B}"
EndProject
Global
	GlobalSection(SolutionConfigurationPlatforms) = preSolution
		Debug|Any CPU = Debug|Any CPU
		Release|Any CPU = Release|Any CPU
	EndGlobalSection
	GlobalSection(ProjectConfigurationPlatforms) = postSolution
		{F480EEA2-9782-412B-BA26-A63765ED564B}.Debug|Any CPU.ActiveCfg = Debug|Any CPU
		{F480EEA2-9782-412B-BA26-A63765ED564B}.Debug|Any CPU.Build.0 = Debug|Any CPU
		{F480EEA2-9782-412B-BA26-A63765ED564B}.Release|Any CPU.ActiveCfg = Release|Any CPU
		{F480EEA2-9782-412B-BA26-A63765ED564B}.Release|Any CPU.Build.0 = Release|Any CPU
	EndGlobalSection
	GlobalSection(SolutionProperties) = preSolution
		HideSolutionNode = FALSE
	EndGlobalSection
	GlobalSection(ExtensibilityGlobals) = postSolution
		SolutionGuid = {8B2B9C9A-6099-4191-8DBC-74BD42180B5E}
	EndGlobalSection
EndGlobal
